
Microsoft Visual Studio Solution File, Format Version 12.00
# Visual Studio Version 16
VisualStudioVersion = 16.0.29806.167
MinimumVisualStudioVersion = 15.0.26124.0
Project("{9A19103F-16F7-4668-BE54-9A1E7A4F7556}") = "hackernewsapi", "src\hackernewsapi.csproj", "{C1C6F1A7-12BE-48B9-B9E3-3EC5FA61AFD5}"
EndProject
Project("{9A19103F-16F7-4668-BE54-9A1E7A4F7556}") = "unit_tests", "test\unit_tests.csproj", "{45987A4E-1425-4CD8-BE75-CCAB7F9F6FD3}"
EndProject
Project("{9A19103F-16F7-4668-BE54-9A1E7A4F7556}") = "integration_tests", "integration\integration_tests.csproj", "{48C0F53E-CF5D-4797-B94D-1D559E3D6CEB}"
EndProject
Global
	GlobalSection(SolutionConfigurationPlatforms) = preSolution
		Debug|Any CPU = Debug|Any CPU
		Debug|x64 = Debug|x64
		Debug|x86 = Debug|x86
		Release|Any CPU = Release|Any CPU
		Release|x64 = Release|x64
		Release|x86 = Release|x86
	EndGlobalSection
	GlobalSection(ProjectConfigurationPlatforms) = postSolution
		{C1C6F1A7-12BE-48B9-B9E3-3EC5FA61AFD5}.Debug|Any CPU.ActiveCfg = Debug|Any CPU
		{C1C6F1A7-12BE-48B9-B9E3-3EC5FA61AFD5}.Debug|Any CPU.Build.0 = Debug|Any CPU
		{C1C6F1A7-12BE-48B9-B9E3-3EC5FA61AFD5}.Debug|x64.ActiveCfg = Debug|Any CPU
		{C1C6F1A7-12BE-48B9-B9E3-3EC5FA61AFD5}.Debug|x64.Build.0 = Debug|Any CPU
		{C1C6F1A7-12BE-48B9-B9E3-3EC5FA61AFD5}.Debug|x86.ActiveCfg = Debug|Any CPU
		{C1C6F1A7-12BE-48B9-B9E3-3EC5FA61AFD5}.Debug|x86.Build.0 = Debug|Any CPU
		{C1C6F1A7-12BE-48B9-B9E3-3EC5FA61AFD5}.Release|Any CPU.ActiveCfg = Release|Any CPU
		{C1C6F1A7-12BE-48B9-B9E3-3EC5FA61AFD5}.Release|Any CPU.Build.0 = Release|Any CPU
		{C1C6F1A7-12BE-48B9-B9E3-3EC5FA61AFD5}.Release|x64.ActiveCfg = Release|Any CPU
		{C1C6F1A7-12BE-48B9-B9E3-3EC5FA61AFD5}.Release|x64.Build.0 = Release|Any CPU
		{C1C6F1A7-12BE-48B9-B9E3-3EC5FA61AFD5}.Release|x86.ActiveCfg = Release|Any CPU
		{C1C6F1A7-12BE-48B9-B9E3-3EC5FA61AFD5}.Release|x86.Build.0 = Release|Any CPU
		{45987A4E-1425-4CD8-BE75-CCAB7F9F6FD3}.Debug|Any CPU.ActiveCfg = Debug|Any CPU
		{45987A4E-1425-4CD8-BE75-CCAB7F9F6FD3}.Debug|Any CPU.Build.0 = Debug|Any CPU
		{45987A4E-1425-4CD8-BE75-CCAB7F9F6FD3}.Debug|x64.ActiveCfg = Debug|Any CPU
		{45987A4E-1425-4CD8-BE75-CCAB7F9F6FD3}.Debug|x64.Build.0 = Debug|Any CPU
		{45987A4E-1425-4CD8-BE75-CCAB7F9F6FD3}.Debug|x86.ActiveCfg = Debug|Any CPU
		{45987A4E-1425-4CD8-BE75-CCAB7F9F6FD3}.Debug|x86.Build.0 = Debug|Any CPU
		{45987A4E-1425-4CD8-BE75-CCAB7F9F6FD3}.Release|Any CPU.ActiveCfg = Release|Any CPU
		{45987A4E-1425-4CD8-BE75-CCAB7F9F6FD3}.Release|Any CPU.Build.0 = Release|Any CPU
		{45987A4E-1425-4CD8-BE75-CCAB7F9F6FD3}.Release|x64.ActiveCfg = Release|Any CPU
		{45987A4E-1425-4CD8-BE75-CCAB7F9F6FD3}.Release|x64.Build.0 = Release|Any CPU
		{45987A4E-1425-4CD8-BE75-CCAB7F9F6FD3}.Release|x86.ActiveCfg = Release|Any CPU
		{45987A4E-1425-4CD8-BE75-CCAB7F9F6FD3}.Release|x86.Build.0 = Release|Any CPU
		{48C0F53E-CF5D-4797-B94D-1D559E3D6CEB}.Debug|Any CPU.ActiveCfg = Debug|Any CPU
		{48C0F53E-CF5D-4797-B94D-1D559E3D6CEB}.Debug|Any CPU.Build.0 = Debug|Any CPU
		{48C0F53E-CF5D-4797-B94D-1D559E3D6CEB}.Debug|x64.ActiveCfg = Debug|Any CPU
		{48C0F53E-CF5D-4797-B94D-1D559E3D6CEB}.Debug|x64.Build.0 = Debug|Any CPU
		{48C0F53E-CF5D-4797-B94D-1D559E3D6CEB}.Debug|x86.ActiveCfg = Debug|Any CPU
		{48C0F53E-CF5D-4797-B94D-1D559E3D6CEB}.Debug|x86.Build.0 = Debug|Any CPU
		{48C0F53E-CF5D-4797-B94D-1D559E3D6CEB}.Release|Any CPU.ActiveCfg = Release|Any CPU
		{48C0F53E-CF5D-4797-B94D-1D559E3D6CEB}.Release|Any CPU.Build.0 = Release|Any CPU
		{48C0F53E-CF5D-4797-B94D-1D559E3D6CEB}.Release|x64.ActiveCfg = Release|Any CPU
		{48C0F53E-CF5D-4797-B94D-1D559E3D6CEB}.Release|x64.Build.0 = Release|Any CPU
		{48C0F53E-CF5D-4797-B94D-1D559E3D6CEB}.Release|x86.ActiveCfg = Release|Any CPU
		{48C0F53E-CF5D-4797-B94D-1D559E3D6CEB}.Release|x86.Build.0 = Release|Any CPU
	EndGlobalSection
	GlobalSection(SolutionProperties) = preSolution
		HideSolutionNode = FALSE
	EndGlobalSection
	GlobalSection(ExtensibilityGlobals) = postSolution
		SolutionGuid = {A1ECD0D5-8463-4BCD-A50C-50A9BC7DF4D7}
	EndGlobalSection
EndGlobal
